
Microsoft Visual Studio Solution File, Format Version 12.00
Project("{FAE04EC0-301F-11D3-BF4B-00C04F79EFBC}") = "WebApiVersioning", "WebApiVersioning\WebApiVersioning.csproj", "{941F0351-09CD-44C0-9DF0-A81CBCF34C46}"
EndProject
Project("{2150E333-8FDC-42A3-9474-1A3956D46DE8}") = "Examples", "Examples", "{2256ED95-9FA7-4135-B3D2-D0CE341F2C1E}"
EndProject
Project("{FAE04EC0-301F-11D3-BF4B-00C04F79EFBC}") = "Basic_NoVersioning", "Basic_NoVersioning\Basic_NoVersioning.csproj", "{C3FEF09F-46D6-4537-855C-0D9950418006}"
EndProject
Project("{FAE04EC0-301F-11D3-BF4B-00C04F79EFBC}") = "Contracts", "Contracts\Contracts.csproj", "{F0C2E33C-86EB-407E-9336-E78B66C5DD65}"
EndProject
Project("{FAE04EC0-301F-11D3-BF4B-00C04F79EFBC}") = "Basic_Versioning", "Basic_Versioning\Basic_Versioning.csproj", "{0D5E2BC4-8817-492B-9583-9D04D2996689}"
EndProject
Project("{2150E333-8FDC-42A3-9474-1A3956D46DE8}") = "Documentation", "Documentation", "{9255A8B7-0E0A-4E0E-9A1D-6F1B12C87A01}"
	ProjectSection(SolutionItems) = preProject
		Documentation\Notes.md = Documentation\Notes.md
		Documentation\NotesEN = Documentation\NotesEN
		Documentation\NotesCZ.md = Documentation\NotesCZ.md
		Documentation\NotesEN.md = Documentation\NotesEN.md
	EndProjectSection
EndProject
Project("{2150E333-8FDC-42A3-9474-1A3956D46DE8}") = "NamespaceRoutingConvention_versioning", "NamespaceRoutingConvention_versioning", "{CC5C76C2-4FE3-4DC9-9872-B2744224C62E}"
EndProject
Project("{FAE04EC0-301F-11D3-BF4B-00C04F79EFBC}") = "VersionsOrchestrator", "NamespaceRoutingConvention_versioning\VersionsOrchestrator\VersionsOrchestrator.csproj", "{EA9FEB20-07AA-428C-AA8F-EA5CC8DB1D04}"
EndProject
Project("{2150E333-8FDC-42A3-9474-1A3956D46DE8}") = "Versions", "Versions", "{4BCB96F7-E471-4E56-BA81-095D2998E884}"
EndProject
Project("{2150E333-8FDC-42A3-9474-1A3956D46DE8}") = "2024", "2024", "{8B45B144-4DEC-4426-9B57-C62CD0B39754}"
EndProject
Project("{2150E333-8FDC-42A3-9474-1A3956D46DE8}") = "0100", "0100", "{0EA9B776-E461-45B4-BA3F-B108E5F5B714}"
EndProject
Project("{FAE04EC0-301F-11D3-BF4B-00C04F79EFBC}") = "Controllers20240100", "NamespaceRoutingConvention_versioning\Versions\2024\0100\Controllers20240100\Controllers20240100.csproj", "{5C6DB17F-984F-4588-B0F6-ECC828B6F38D}"
EndProject
Project("{FAE04EC0-301F-11D3-BF4B-00C04F79EFBC}") = "Contracts20240100", "NamespaceRoutingConvention_versioning\Versions\2024\0100\Contracts20240100\Contracts20240100.csproj", "{886CFA0D-B289-4E56-AB80-3C2F1850811B}"
EndProject
Project("{FAE04EC0-301F-11D3-BF4B-00C04F79EFBC}") = "UnitTests20240100", "NamespaceRoutingConvention_versioning\Versions\2024\0100\UnitTests20240100\UnitTests20240100.csproj", "{A2C7AF4E-F443-4628-B772-B8A9E5ED952D}"
EndProject
Project("{FAE04EC0-301F-11D3-BF4B-00C04F79EFBC}") = "OpenApiClients20240100", "NamespaceRoutingConvention_versioning\Versions\2024\0100\OpenApiClients20240100\OpenApiClients20240100.csproj", "{A3821D5C-757B-42B3-9A94-A0B75DD2589C}"
EndProject
Project("{2150E333-8FDC-42A3-9474-1A3956D46DE8}") = "0200", "0200", "{3C002F80-79B4-43B0-8B0B-2DDA0062C1A1}"
EndProject
Project("{FAE04EC0-301F-11D3-BF4B-00C04F79EFBC}") = "Contracts20240200", "NamespaceRoutingConvention_versioning\Versions\2024\0200\Contracts20240200\Contracts20240200.csproj", "{CCAC3E27-6602-450E-9DFF-F0532608DE84}"
EndProject
Project("{FAE04EC0-301F-11D3-BF4B-00C04F79EFBC}") = "Controllers20240200", "NamespaceRoutingConvention_versioning\Versions\2024\0200\Controllers20240200\Controllers20240200.csproj", "{266CF288-26DF-4059-AF40-473C14B18172}"
EndProject
Project("{FAE04EC0-301F-11D3-BF4B-00C04F79EFBC}") = "OpenApiClients20240200", "NamespaceRoutingConvention_versioning\Versions\2024\0200\OpenApiClients20240200\OpenApiClients20240200.csproj", "{0DF5B588-117E-48EE-AA10-61E89FC3D33C}"
EndProject
Project("{FAE04EC0-301F-11D3-BF4B-00C04F79EFBC}") = "UnitTests20240200", "NamespaceRoutingConvention_versioning\Versions\2024\0200\UnitTests20240200\UnitTests20240200.csproj", "{1A2B881F-265B-482E-95CF-BD6A64AC5D63}"
EndProject
Project("{2150E333-8FDC-42A3-9474-1A3956D46DE8}") = "attachments", "attachments", "{5E1A0564-595D-4992-9B8B-266BB0B9A879}"
	ProjectSection(SolutionItems) = preProject
		Documentation\Rename projekt.png = Documentation\Rename projekt.png
		Documentation\TagsInDockerImageNginx.jpg = Documentation\TagsInDockerImageNginx.jpg
	EndProjectSection
EndProject
Project("{FAE04EC0-301F-11D3-BF4B-00C04F79EFBC}") = "ConventionalAttributes_Versioning", "ConventionalAttributes_Versioning\ConventionalAttributes_Versioning.csproj", "{E27A2B12-823B-4703-B3E9-8A33EE350AD5}"
EndProject
Project("{FAE04EC0-301F-11D3-BF4B-00C04F79EFBC}") = "Attributes_Versioning", "Attributes_Versioning\Attributes_Versioning.csproj", "{70B10BE7-B877-4270-9F14-9EF002E7ACA7}"
EndProject
Global
	GlobalSection(SolutionConfigurationPlatforms) = preSolution
		Debug|Any CPU = Debug|Any CPU
		Release|Any CPU = Release|Any CPU
	EndGlobalSection
	GlobalSection(ProjectConfigurationPlatforms) = postSolution
		{941F0351-09CD-44C0-9DF0-A81CBCF34C46}.Debug|Any CPU.ActiveCfg = Debug|Any CPU
		{941F0351-09CD-44C0-9DF0-A81CBCF34C46}.Debug|Any CPU.Build.0 = Debug|Any CPU
		{941F0351-09CD-44C0-9DF0-A81CBCF34C46}.Release|Any CPU.ActiveCfg = Release|Any CPU
		{941F0351-09CD-44C0-9DF0-A81CBCF34C46}.Release|Any CPU.Build.0 = Release|Any CPU
		{C3FEF09F-46D6-4537-855C-0D9950418006}.Debug|Any CPU.ActiveCfg = Debug|Any CPU
		{C3FEF09F-46D6-4537-855C-0D9950418006}.Debug|Any CPU.Build.0 = Debug|Any CPU
		{C3FEF09F-46D6-4537-855C-0D9950418006}.Release|Any CPU.ActiveCfg = Release|Any CPU
		{C3FEF09F-46D6-4537-855C-0D9950418006}.Release|Any CPU.Build.0 = Release|Any CPU
		{F0C2E33C-86EB-407E-9336-E78B66C5DD65}.Debug|Any CPU.ActiveCfg = Debug|Any CPU
		{F0C2E33C-86EB-407E-9336-E78B66C5DD65}.Debug|Any CPU.Build.0 = Debug|Any CPU
		{F0C2E33C-86EB-407E-9336-E78B66C5DD65}.Release|Any CPU.ActiveCfg = Release|Any CPU
		{F0C2E33C-86EB-407E-9336-E78B66C5DD65}.Release|Any CPU.Build.0 = Release|Any CPU
		{0D5E2BC4-8817-492B-9583-9D04D2996689}.Debug|Any CPU.ActiveCfg = Debug|Any CPU
		{0D5E2BC4-8817-492B-9583-9D04D2996689}.Debug|Any CPU.Build.0 = Debug|Any CPU
		{0D5E2BC4-8817-492B-9583-9D04D2996689}.Release|Any CPU.ActiveCfg = Release|Any CPU
		{0D5E2BC4-8817-492B-9583-9D04D2996689}.Release|Any CPU.Build.0 = Release|Any CPU
		{EA9FEB20-07AA-428C-AA8F-EA5CC8DB1D04}.Debug|Any CPU.ActiveCfg = Debug|Any CPU
		{EA9FEB20-07AA-428C-AA8F-EA5CC8DB1D04}.Debug|Any CPU.Build.0 = Debug|Any CPU
		{EA9FEB20-07AA-428C-AA8F-EA5CC8DB1D04}.Release|Any CPU.ActiveCfg = Release|Any CPU
		{EA9FEB20-07AA-428C-AA8F-EA5CC8DB1D04}.Release|Any CPU.Build.0 = Release|Any CPU
		{5C6DB17F-984F-4588-B0F6-ECC828B6F38D}.Debug|Any CPU.ActiveCfg = Debug|Any CPU
		{5C6DB17F-984F-4588-B0F6-ECC828B6F38D}.Debug|Any CPU.Build.0 = Debug|Any CPU
		{5C6DB17F-984F-4588-B0F6-ECC828B6F38D}.Release|Any CPU.ActiveCfg = Release|Any CPU
		{5C6DB17F-984F-4588-B0F6-ECC828B6F38D}.Release|Any CPU.Build.0 = Release|Any CPU
		{886CFA0D-B289-4E56-AB80-3C2F1850811B}.Debug|Any CPU.ActiveCfg = Debug|Any CPU
		{886CFA0D-B289-4E56-AB80-3C2F1850811B}.Debug|Any CPU.Build.0 = Debug|Any CPU
		{886CFA0D-B289-4E56-AB80-3C2F1850811B}.Release|Any CPU.ActiveCfg = Release|Any CPU
		{886CFA0D-B289-4E56-AB80-3C2F1850811B}.Release|Any CPU.Build.0 = Release|Any CPU
		{A2C7AF4E-F443-4628-B772-B8A9E5ED952D}.Debug|Any CPU.ActiveCfg = Debug|Any CPU
		{A2C7AF4E-F443-4628-B772-B8A9E5ED952D}.Debug|Any CPU.Build.0 = Debug|Any CPU
		{A2C7AF4E-F443-4628-B772-B8A9E5ED952D}.Release|Any CPU.ActiveCfg = Release|Any CPU
		{A2C7AF4E-F443-4628-B772-B8A9E5ED952D}.Release|Any CPU.Build.0 = Release|Any CPU
		{A3821D5C-757B-42B3-9A94-A0B75DD2589C}.Debug|Any CPU.ActiveCfg = Debug|Any CPU
		{A3821D5C-757B-42B3-9A94-A0B75DD2589C}.Debug|Any CPU.Build.0 = Debug|Any CPU
		{A3821D5C-757B-42B3-9A94-A0B75DD2589C}.Release|Any CPU.ActiveCfg = Release|Any CPU
		{A3821D5C-757B-42B3-9A94-A0B75DD2589C}.Release|Any CPU.Build.0 = Release|Any CPU
		{CCAC3E27-6602-450E-9DFF-F0532608DE84}.Debug|Any CPU.ActiveCfg = Debug|Any CPU
		{CCAC3E27-6602-450E-9DFF-F0532608DE84}.Debug|Any CPU.Build.0 = Debug|Any CPU
		{CCAC3E27-6602-450E-9DFF-F0532608DE84}.Release|Any CPU.ActiveCfg = Release|Any CPU
		{CCAC3E27-6602-450E-9DFF-F0532608DE84}.Release|Any CPU.Build.0 = Release|Any CPU
		{266CF288-26DF-4059-AF40-473C14B18172}.Debug|Any CPU.ActiveCfg = Debug|Any CPU
		{266CF288-26DF-4059-AF40-473C14B18172}.Debug|Any CPU.Build.0 = Debug|Any CPU
		{266CF288-26DF-4059-AF40-473C14B18172}.Release|Any CPU.ActiveCfg = Release|Any CPU
		{266CF288-26DF-4059-AF40-473C14B18172}.Release|Any CPU.Build.0 = Release|Any CPU
		{0DF5B588-117E-48EE-AA10-61E89FC3D33C}.Debug|Any CPU.ActiveCfg = Debug|Any CPU
		{0DF5B588-117E-48EE-AA10-61E89FC3D33C}.Debug|Any CPU.Build.0 = Debug|Any CPU
		{0DF5B588-117E-48EE-AA10-61E89FC3D33C}.Release|Any CPU.ActiveCfg = Release|Any CPU
		{0DF5B588-117E-48EE-AA10-61E89FC3D33C}.Release|Any CPU.Build.0 = Release|Any CPU
		{1A2B881F-265B-482E-95CF-BD6A64AC5D63}.Debug|Any CPU.ActiveCfg = Debug|Any CPU
		{1A2B881F-265B-482E-95CF-BD6A64AC5D63}.Debug|Any CPU.Build.0 = Debug|Any CPU
		{1A2B881F-265B-482E-95CF-BD6A64AC5D63}.Release|Any CPU.ActiveCfg = Release|Any CPU
		{1A2B881F-265B-482E-95CF-BD6A64AC5D63}.Release|Any CPU.Build.0 = Release|Any CPU
		{E27A2B12-823B-4703-B3E9-8A33EE350AD5}.Debug|Any CPU.ActiveCfg = Debug|Any CPU
		{E27A2B12-823B-4703-B3E9-8A33EE350AD5}.Debug|Any CPU.Build.0 = Debug|Any CPU
		{E27A2B12-823B-4703-B3E9-8A33EE350AD5}.Release|Any CPU.ActiveCfg = Release|Any CPU
		{E27A2B12-823B-4703-B3E9-8A33EE350AD5}.Release|Any CPU.Build.0 = Release|Any CPU
		{70B10BE7-B877-4270-9F14-9EF002E7ACA7}.Debug|Any CPU.ActiveCfg = Debug|Any CPU
		{70B10BE7-B877-4270-9F14-9EF002E7ACA7}.Debug|Any CPU.Build.0 = Debug|Any CPU
		{70B10BE7-B877-4270-9F14-9EF002E7ACA7}.Release|Any CPU.ActiveCfg = Release|Any CPU
		{70B10BE7-B877-4270-9F14-9EF002E7ACA7}.Release|Any CPU.Build.0 = Release|Any CPU
	EndGlobalSection
	GlobalSection(NestedProjects) = preSolution
		{941F0351-09CD-44C0-9DF0-A81CBCF34C46} = {2256ED95-9FA7-4135-B3D2-D0CE341F2C1E}
		{EA9FEB20-07AA-428C-AA8F-EA5CC8DB1D04} = {CC5C76C2-4FE3-4DC9-9872-B2744224C62E}
		{4BCB96F7-E471-4E56-BA81-095D2998E884} = {CC5C76C2-4FE3-4DC9-9872-B2744224C62E}
		{8B45B144-4DEC-4426-9B57-C62CD0B39754} = {4BCB96F7-E471-4E56-BA81-095D2998E884}
		{0EA9B776-E461-45B4-BA3F-B108E5F5B714} = {8B45B144-4DEC-4426-9B57-C62CD0B39754}
		{5C6DB17F-984F-4588-B0F6-ECC828B6F38D} = {0EA9B776-E461-45B4-BA3F-B108E5F5B714}
		{886CFA0D-B289-4E56-AB80-3C2F1850811B} = {0EA9B776-E461-45B4-BA3F-B108E5F5B714}
		{A2C7AF4E-F443-4628-B772-B8A9E5ED952D} = {0EA9B776-E461-45B4-BA3F-B108E5F5B714}
		{A3821D5C-757B-42B3-9A94-A0B75DD2589C} = {0EA9B776-E461-45B4-BA3F-B108E5F5B714}
		{3C002F80-79B4-43B0-8B0B-2DDA0062C1A1} = {8B45B144-4DEC-4426-9B57-C62CD0B39754}
		{CCAC3E27-6602-450E-9DFF-F0532608DE84} = {3C002F80-79B4-43B0-8B0B-2DDA0062C1A1}
		{266CF288-26DF-4059-AF40-473C14B18172} = {3C002F80-79B4-43B0-8B0B-2DDA0062C1A1}
		{0DF5B588-117E-48EE-AA10-61E89FC3D33C} = {3C002F80-79B4-43B0-8B0B-2DDA0062C1A1}
		{1A2B881F-265B-482E-95CF-BD6A64AC5D63} = {3C002F80-79B4-43B0-8B0B-2DDA0062C1A1}
		{5E1A0564-595D-4992-9B8B-266BB0B9A879} = {9255A8B7-0E0A-4E0E-9A1D-6F1B12C87A01}
	EndGlobalSection
EndGlobal
